
Microsoft Visual Studio Solution File, Format Version 12.00
# Visual Studio Version 17
VisualStudioVersion = 17.8.34330.188
MinimumVisualStudioVersion = 10.0.40219.1
Project("{C9674DCB-5085-4A16-B785-4C70DD1589BD}") = "Promotions", "Promotions.dtproj", "{2454E6D0-561B-4579-A25A-646032F406B7}"
EndProject
Global
	GlobalSection(SolutionConfigurationPlatforms) = preSolution
		Development|Default = Development|Default
	EndGlobalSection
	GlobalSection(ProjectConfigurationPlatforms) = postSolution
		{2454E6D0-561B-4579-A25A-646032F406B7}.Development|Default.ActiveCfg = Development
		{2454E6D0-561B-4579-A25A-646032F406B7}.Development|Default.Build.0 = Development
	EndGlobalSection
	GlobalSection(SolutionProperties) = preSolution
		HideSolutionNode = FALSE
	EndGlobalSection
	GlobalSection(ExtensibilityGlobals) = postSolution
		SolutionGuid = {02DDC089-71E8-4820-8DA0-0CBCDF75BAAE}
	EndGlobalSection
EndGlobal
